
Microsoft Visual Studio Solution File, Format Version 12.00
# Visual Studio Version 17
VisualStudioVersion = 17.4.33213.308
MinimumVisualStudioVersion = 10.0.40219.1
Project("{FAE04EC0-301F-11D3-BF4B-00C04F79EFBC}") = "Uhaul_Git_Demo", "Uhaul_Git_Demo.csproj", "{4CB25D6B-312B-422F-A279-AE66C9C4D9C7}"
EndProject
Global
	GlobalSection(SolutionConfigurationPlatforms) = preSolution
		Debug|Any CPU = Debug|Any CPU
		Release|Any CPU = Release|Any CPU
	EndGlobalSection
	GlobalSection(ProjectConfigurationPlatforms) = postSolution
		{4CB25D6B-312B-422F-A279-AE66C9C4D9C7}.Debug|Any CPU.ActiveCfg = Debug|Any CPU
		{4CB25D6B-312B-422F-A279-AE66C9C4D9C7}.Debug|Any CPU.Build.0 = Debug|Any CPU
		{4CB25D6B-312B-422F-A279-AE66C9C4D9C7}.Release|Any CPU.ActiveCfg = Release|Any CPU
		{4CB25D6B-312B-422F-A279-AE66C9C4D9C7}.Release|Any CPU.Build.0 = Release|Any CPU
	EndGlobalSection
	GlobalSection(SolutionProperties) = preSolution
		HideSolutionNode = FALSE
	EndGlobalSection
	GlobalSection(ExtensibilityGlobals) = postSolution
		SolutionGuid = {EB3A5B30-F91B-48A6-8538-233D8065DF82}
	EndGlobalSection
EndGlobal
